
Microsoft Visual Studio Solution File, Format Version 12.00
# Visual Studio 15
VisualStudioVersion = 15.0.28307.271
MinimumVisualStudioVersion = 10.0.40219.1
Project("{FAE04EC0-301F-11D3-BF4B-00C04F79EFBC}") = "IVForum", "IVForum\IVForum.csproj", "{5DEB0901-9586-4EA6-BB8D-CA58F84B435F}"
EndProject
Global
	GlobalSection(SolutionConfigurationPlatforms) = preSolution
		Debug|Any CPU = Debug|Any CPU
		Release|Any CPU = Release|Any CPU
	EndGlobalSection
	GlobalSection(ProjectConfigurationPlatforms) = postSolution
		{5DEB0901-9586-4EA6-BB8D-CA58F84B435F}.Debug|Any CPU.ActiveCfg = Debug|Any CPU
		{5DEB0901-9586-4EA6-BB8D-CA58F84B435F}.Debug|Any CPU.Build.0 = Debug|Any CPU
		{5DEB0901-9586-4EA6-BB8D-CA58F84B435F}.Release|Any CPU.ActiveCfg = Release|Any CPU
		{5DEB0901-9586-4EA6-BB8D-CA58F84B435F}.Release|Any CPU.Build.0 = Release|Any CPU
	EndGlobalSection
	GlobalSection(SolutionProperties) = preSolution
		HideSolutionNode = FALSE
	EndGlobalSection
	GlobalSection(ExtensibilityGlobals) = postSolution
		SolutionGuid = {F892FA54-C126-4742-858E-2BD43D570BAA}
	EndGlobalSection
EndGlobal
